// !$*UTF8*$!
{
	archiveVersion = 1;
	classes = {
	};
	objectVersion = 50;
	objects = {

/* Begin PBXBuildFile section */
		FA833605226E2332000EC170 /* AppDelegate.swift in Sources */ = {isa = PBXBuildFile; fileRef = FA833604226E2332000EC170 /* AppDelegate.swift */; };
		FA83360A226E2332000EC170 /* Main.storyboard in Resources */ = {isa = PBXBuildFile; fileRef = FA833608226E2332000EC170 /* Main.storyboard */; };
		FA83360C226E2335000EC170 /* Assets.xcassets in Resources */ = {isa = PBXBuildFile; fileRef = FA83360B226E2335000EC170 /* Assets.xcassets */; };
		FA83360F226E2335000EC170 /* LaunchScreen.storyboard in Resources */ = {isa = PBXBuildFile; fileRef = FA83360D226E2335000EC170 /* LaunchScreen.storyboard */; };
		FA833617226E31D3000EC170 /* MapView.storyboard in Resources */ = {isa = PBXBuildFile; fileRef = FA833616226E31D3000EC170 /* MapView.storyboard */; };
		FA833619226E32B2000EC170 /* PlacesTable.storyboard in Resources */ = {isa = PBXBuildFile; fileRef = FA833618226E32B2000EC170 /* PlacesTable.storyboard */; };
		FA83361B226E3DC4000EC170 /* CreateNewPlaceViewController.swift in Sources */ = {isa = PBXBuildFile; fileRef = FA83361A226E3DC4000EC170 /* CreateNewPlaceViewController.swift */; };
		FA83361D226E3E23000EC170 /* VisitedPlacesViewController.swift in Sources */ = {isa = PBXBuildFile; fileRef = FA83361C226E3E22000EC170 /* VisitedPlacesViewController.swift */; };
		FA83361F226E3E8E000EC170 /* PlacesTabBarViewController.swift in Sources */ = {isa = PBXBuildFile; fileRef = FA83361E226E3E8E000EC170 /* PlacesTabBarViewController.swift */; };
		FA833621226E3EDA000EC170 /* MapViewController.swift in Sources */ = {isa = PBXBuildFile; fileRef = FA833620226E3EDA000EC170 /* MapViewController.swift */; };
		FA833623226E3F37000EC170 /* PlacesTableViewController.swift in Sources */ = {isa = PBXBuildFile; fileRef = FA833622226E3F37000EC170 /* PlacesTableViewController.swift */; };
/* End PBXBuildFile section */

/* Begin PBXFileReference section */
		FA833601226E2332000EC170 /* Places.app */ = {isa = PBXFileReference; explicitFileType = wrapper.application; includeInIndex = 0; path = Places.app; sourceTree = BUILT_PRODUCTS_DIR; };
		FA833604226E2332000EC170 /* AppDelegate.swift */ = {isa = PBXFileReference; lastKnownFileType = sourcecode.swift; path = AppDelegate.swift; sourceTree = "<group>"; };
		FA833609226E2332000EC170 /* Base */ = {isa = PBXFileReference; lastKnownFileType = file.storyboard; name = Base; path = Base.lproj/Main.storyboard; sourceTree = "<group>"; };
		FA83360B226E2335000EC170 /* Assets.xcassets */ = {isa = PBXFileReference; lastKnownFileType = folder.assetcatalog; path = Assets.xcassets; sourceTree = "<group>"; };
		FA83360E226E2335000EC170 /* Base */ = {isa = PBXFileReference; lastKnownFileType = file.storyboard; name = Base; path = Base.lproj/LaunchScreen.storyboard; sourceTree = "<group>"; };
		FA833610226E2335000EC170 /* Info.plist */ = {isa = PBXFileReference; lastKnownFileType = text.plist.xml; path = Info.plist; sourceTree = "<group>"; };
		FA833616226E31D3000EC170 /* MapView.storyboard */ = {isa = PBXFileReference; lastKnownFileType = file.storyboard; path = MapView.storyboard; sourceTree = "<group>"; };
		FA833618226E32B2000EC170 /* PlacesTable.storyboard */ = {isa = PBXFileReference; lastKnownFileType = file.storyboard; path = PlacesTable.storyboard; sourceTree = "<group>"; };
		FA83361A226E3DC4000EC170 /* CreateNewPlaceViewController.swift */ = {isa = PBXFileReference; lastKnownFileType = sourcecode.swift; path = CreateNewPlaceViewController.swift; sourceTree = "<group>"; };
		FA83361C226E3E22000EC170 /* VisitedPlacesViewController.swift */ = {isa = PBXFileReference; lastKnownFileType = sourcecode.swift; path = VisitedPlacesViewController.swift; sourceTree = "<group>"; };
		FA83361E226E3E8E000EC170 /* PlacesTabBarViewController.swift */ = {isa = PBXFileReference; lastKnownFileType = sourcecode.swift; path = PlacesTabBarViewController.swift; sourceTree = "<group>"; };
		FA833620226E3EDA000EC170 /* MapViewController.swift */ = {isa = PBXFileReference; lastKnownFileType = sourcecode.swift; path = MapViewController.swift; sourceTree = "<group>"; };
		FA833622226E3F37000EC170 /* PlacesTableViewController.swift */ = {isa = PBXFileReference; lastKnownFileType = sourcecode.swift; path = PlacesTableViewController.swift; sourceTree = "<group>"; };
/* End PBXFileReference section */

/* Begin PBXFrameworksBuildPhase section */
		FA8335FE226E2332000EC170 /* Frameworks */ = {
			isa = PBXFrameworksBuildPhase;
			buildActionMask = 2147483647;
			files = (
			);
			runOnlyForDeploymentPostprocessing = 0;
		};
/* End PBXFrameworksBuildPhase section */

/* Begin PBXGroup section */
		FA8335F8226E2332000EC170 = {
			isa = PBXGroup;
			children = (
				FA833603226E2332000EC170 /* Places */,
				FA833602226E2332000EC170 /* Products */,
			);
			sourceTree = "<group>";
		};
		FA833602226E2332000EC170 /* Products */ = {
			isa = PBXGroup;
			children = (
				FA833601226E2332000EC170 /* Places.app */,
			);
			name = Products;
			sourceTree = "<group>";
		};
		FA833603226E2332000EC170 /* Places */ = {
			isa = PBXGroup;
			children = (
				FA833604226E2332000EC170 /* AppDelegate.swift */,
				FA833625226E3F73000EC170 /* Storyboards */,
				FA833626226E3FC0000EC170 /* Resources */,
				FA833624226E3F49000EC170 /* View Controllers */,
			);
			path = Places;
			sourceTree = "<group>";
		};
		FA833624226E3F49000EC170 /* View Controllers */ = {
			isa = PBXGroup;
			children = (
				FA833622226E3F37000EC170 /* PlacesTableViewController.swift */,
				FA83361A226E3DC4000EC170 /* CreateNewPlaceViewController.swift */,
				FA83361C226E3E22000EC170 /* VisitedPlacesViewController.swift */,
				FA83361E226E3E8E000EC170 /* PlacesTabBarViewController.swift */,
				FA833620226E3EDA000EC170 /* MapViewController.swift */,
			);
			path = "View Controllers";
			sourceTree = "<group>";
		};
		FA833625226E3F73000EC170 /* Storyboards */ = {
			isa = PBXGroup;
			children = (
				FA833608226E2332000EC170 /* Main.storyboard */,
				FA833616226E31D3000EC170 /* MapView.storyboard */,
				FA833618226E32B2000EC170 /* PlacesTable.storyboard */,
				FA83360D226E2335000EC170 /* LaunchScreen.storyboard */,
			);
			path = Storyboards;
			sourceTree = "<group>";
		};
		FA833626226E3FC0000EC170 /* Resources */ = {
			isa = PBXGroup;
			children = (
				FA83360B226E2335000EC170 /* Assets.xcassets */,
				FA833610226E2335000EC170 /* Info.plist */,
			);
			path = Resources;
			sourceTree = "<group>";
		};
/* End PBXGroup section */

/* Begin PBXNativeTarget section */
		FA833600226E2332000EC170 /* Places */ = {
			isa = PBXNativeTarget;
			buildConfigurationList = FA833613226E2335000EC170 /* Build configuration list for PBXNativeTarget "Places" */;
			buildPhases = (
				FA8335FD226E2332000EC170 /* Sources */,
				FA8335FE226E2332000EC170 /* Frameworks */,
				FA8335FF226E2332000EC170 /* Resources */,
			);
			buildRules = (
			);
			dependencies = (
			);
			name = Places;
			productName = Places;
			productReference = FA833601226E2332000EC170 /* Places.app */;
			productType = "com.apple.product-type.application";
		};
/* End PBXNativeTarget section */

/* Begin PBXProject section */
		FA8335F9226E2332000EC170 /* Project object */ = {
			isa = PBXProject;
			attributes = {
				LastSwiftUpdateCheck = 1020;
				LastUpgradeCheck = 1020;
				ORGANIZATIONNAME = Alex;
				TargetAttributes = {
					FA833600226E2332000EC170 = {
						CreatedOnToolsVersion = 10.2;
					};
				};
			};
			buildConfigurationList = FA8335FC226E2332000EC170 /* Build configuration list for PBXProject "Places" */;
			compatibilityVersion = "Xcode 9.3";
			developmentRegion = en;
			hasScannedForEncodings = 0;
			knownRegions = (
				en,
				Base,
			);
			mainGroup = FA8335F8226E2332000EC170;
			productRefGroup = FA833602226E2332000EC170 /* Products */;
			projectDirPath = "";
			projectRoot = "";
			targets = (
				FA833600226E2332000EC170 /* Places */,
			);
		};
/* End PBXProject section */

/* Begin PBXResourcesBuildPhase section */
		FA8335FF226E2332000EC170 /* Resources */ = {
			isa = PBXResourcesBuildPhase;
			buildActionMask = 2147483647;
			files = (
				FA83360F226E2335000EC170 /* LaunchScreen.storyboard in Resources */,
				FA833619226E32B2000EC170 /* PlacesTable.storyboard in Resources */,
				FA83360C226E2335000EC170 /* Assets.xcassets in Resources */,
				FA833617226E31D3000EC170 /* MapView.storyboard in Resources */,
				FA83360A226E2332000EC170 /* Main.storyboard in Resources */,
			);
			runOnlyForDeploymentPostprocessing = 0;
		};
/* End PBXResourcesBuildPhase section */

/* Begin PBXSourcesBuildPhase section */
		FA8335FD226E2332000EC170 /* Sources */ = {
			isa = PBXSourcesBuildPhase;
			buildActionMask = 2147483647;
			files = (
				FA83361F226E3E8E000EC170 /* PlacesTabBarViewController.swift in Sources */,
				FA833605226E2332000EC170 /* AppDelegate.swift in Sources */,
				FA83361D226E3E23000EC170 /* VisitedPlacesViewController.swift in Sources */,
				FA833621226E3EDA000EC170 /* MapViewController.swift in Sources */,
				FA83361B226E3DC4000EC170 /* CreateNewPlaceViewController.swift in Sources */,
				FA833623226E3F37000EC170 /* PlacesTableViewController.swift in Sources */,
			);
			runOnlyForDeploymentPostprocessing = 0;
		};
/* End PBXSourcesBuildPhase section */

/* Begin PBXVariantGroup section */
		FA833608226E2332000EC170 /* Main.storyboard */ = {
			isa = PBXVariantGroup;
			children = (
				FA833609226E2332000EC170 /* Base */,
			);
			name = Main.storyboard;
			sourceTree = "<group>";
		};
		FA83360D226E2335000EC170 /* LaunchScreen.storyboard */ = {
			isa = PBXVariantGroup;
			children = (
				FA83360E226E2335000EC170 /* Base */,
			);
			name = LaunchScreen.storyboard;
			sourceTree = "<group>";
		};
/* End PBXVariantGroup section */

/* Begin XCBuildConfiguration section */
		FA833611226E2335000EC170 /* Debug */ = {
			isa = XCBuildConfiguration;
			buildSettings = {
				ALWAYS_SEARCH_USER_PATHS = NO;
				CLANG_ANALYZER_NONNULL = YES;
				CLANG_ANALYZER_NUMBER_OBJECT_CONVERSION = YES_AGGRESSIVE;
				CLANG_CXX_LANGUAGE_STANDARD = "gnu++14";
				CLANG_CXX_LIBRARY = "libc++";
				CLANG_ENABLE_MODULES = YES;
				CLANG_ENABLE_OBJC_ARC = YES;
				CLANG_ENABLE_OBJC_WEAK = YES;
				CLANG_WARN_BLOCK_CAPTURE_AUTORELEASING = YES;
				CLANG_WARN_BOOL_CONVERSION = YES;
				CLANG_WARN_COMMA = YES;
				CLANG_WARN_CONSTANT_CONVERSION = YES;
				CLANG_WARN_DEPRECATED_OBJC_IMPLEMENTATIONS = YES;
				CLANG_WARN_DIRECT_OBJC_ISA_USAGE = YES_ERROR;
				CLANG_WARN_DOCUMENTATION_COMMENTS = YES;
				CLANG_WARN_EMPTY_BODY = YES;
				CLANG_WARN_ENUM_CONVERSION = YES;
				CLANG_WARN_INFINITE_RECURSION = YES;
				CLANG_WARN_INT_CONVERSION = YES;
				CLANG_WARN_NON_LITERAL_NULL_CONVERSION = YES;
				CLANG_WARN_OBJC_IMPLICIT_RETAIN_SELF = YES;
				CLANG_WARN_OBJC_LITERAL_CONVERSION = YES;
				CLANG_WARN_OBJC_ROOT_CLASS = YES_ERROR;
				CLANG_WARN_RANGE_LOOP_ANALYSIS = YES;
				CLANG_WARN_STRICT_PROTOTYPES = YES;
				CLANG_WARN_SUSPICIOUS_MOVE = YES;
				CLANG_WARN_UNGUARDED_AVAILABILITY = YES_AGGRESSIVE;
				CLANG_WARN_UNREACHABLE_CODE = YES;
				CLANG_WARN__DUPLICATE_METHOD_MATCH = YES;
				CODE_SIGN_IDENTITY = "iPhone Developer";
				COPY_PHASE_STRIP = NO;
				DEBUG_INFORMATION_FORMAT = dwarf;
				ENABLE_STRICT_OBJC_MSGSEND = YES;
				ENABLE_TESTABILITY = YES;
				GCC_C_LANGUAGE_STANDARD = gnu11;
				GCC_DYNAMIC_NO_PIC = NO;
				GCC_NO_COMMON_BLOCKS = YES;
				GCC_OPTIMIZATION_LEVEL = 0;
				GCC_PREPROCESSOR_DEFINITIONS = (
					"DEBUG=1",
					"$(inherited)",
				);
				GCC_WARN_64_TO_32_BIT_CONVERSION = YES;
				GCC_WARN_ABOUT_RETURN_TYPE = YES_ERROR;
				GCC_WARN_UNDECLARED_SELECTOR = YES;
				GCC_WARN_UNINITIALIZED_AUTOS = YES_AGGRESSIVE;
				GCC_WARN_UNUSED_FUNCTION = YES;
				GCC_WARN_UNUSED_VARIABLE = YES;
				IPHONEOS_DEPLOYMENT_TARGET = 12.2;
				MTL_ENABLE_DEBUG_INFO = INCLUDE_SOURCE;
				MTL_FAST_MATH = YES;
				ONLY_ACTIVE_ARCH = YES;
				SDKROOT = iphoneos;
				SWIFT_ACTIVE_COMPILATION_CONDITIONS = DEBUG;
				SWIFT_OPTIMIZATION_LEVEL = "-Onone";
			};
			name = Debug;
		};
		FA833612226E2335000EC170 /* Release */ = {
			isa = XCBuildConfiguration;
			buildSettings = {
				ALWAYS_SEARCH_USER_PATHS = NO;
				CLANG_ANALYZER_NONNULL = YES;
				CLANG_ANALYZER_NUMBER_OBJECT_CONVERSION = YES_AGGRESSIVE;
				CLANG_CXX_LANGUAGE_STANDARD = "gnu++14";
				CLANG_CXX_LIBRARY = "libc++";
				CLANG_ENABLE_MODULES = YES;
				CLANG_ENABLE_OBJC_ARC = YES;
				CLANG_ENABLE_OBJC_WEAK = YES;
				CLANG_WARN_BLOCK_CAPTURE_AUTORELEASING = YES;
				CLANG_WARN_BOOL_CONVERSION = YES;
				CLANG_WARN_COMMA = YES;
				CLANG_WARN_CONSTANT_CONVERSION = YES;
				CLANG_WARN_DEPRECATED_OBJC_IMPLEMENTATIONS = YES;
				CLANG_WARN_DIRECT_OBJC_ISA_USAGE = YES_ERROR;
				CLANG_WARN_DOCUMENTATION_COMMENTS = YES;
				CLANG_WARN_EMPTY_BODY = YES;
				CLANG_WARN_ENUM_CONVERSION = YES;
				CLANG_WARN_INFINITE_RECURSION = YES;
				CLANG_WARN_INT_CONVERSION = YES;
				CLANG_WARN_NON_LITERAL_NULL_CONVERSION = YES;
				CLANG_WARN_OBJC_IMPLICIT_RETAIN_SELF = YES;
				CLANG_WARN_OBJC_LITERAL_CONVERSION = YES;
				CLANG_WARN_OBJC_ROOT_CLASS = YES_ERROR;
				CLANG_WARN_RANGE_LOOP_ANALYSIS = YES;
				CLANG_WARN_STRICT_PROTOTYPES = YES;
				CLANG_WARN_SUSPICIOUS_MOVE = YES;
				CLANG_WARN_UNGUARDED_AVAILABILITY = YES_AGGRESSIVE;
				CLANG_WARN_UNREACHABLE_CODE = YES;
				CLANG_WARN__DUPLICATE_METHOD_MATCH = YES;
				CODE_SIGN_IDENTITY = "iPhone Developer";
				COPY_PHASE_STRIP = NO;
				DEBUG_INFORMATION_FORMAT = "dwarf-with-dsym";
				ENABLE_NS_ASSERTIONS = NO;
				ENABLE_STRICT_OBJC_MSGSEND = YES;
				GCC_C_LANGUAGE_STANDARD = gnu11;
				GCC_NO_COMMON_BLOCKS = YES;
				GCC_WARN_64_TO_32_BIT_CONVERSION = YES;
				GCC_WARN_ABOUT_RETURN_TYPE = YES_ERROR;
				GCC_WARN_UNDECLARED_SELECTOR = YES;
				GCC_WARN_UNINITIALIZED_AUTOS = YES_AGGRESSIVE;
				GCC_WARN_UNUSED_FUNCTION = YES;
				GCC_WARN_UNUSED_VARIABLE = YES;
				IPHONEOS_DEPLOYMENT_TARGET = 12.2;
				MTL_ENABLE_DEBUG_INFO = NO;
				MTL_FAST_MATH = YES;
				SDKROOT = iphoneos;
				SWIFT_COMPILATION_MODE = wholemodule;
				SWIFT_OPTIMIZATION_LEVEL = "-O";
				VALIDATE_PRODUCT = YES;
			};
			name = Release;
		};
		FA833614226E2335000EC170 /* Debug */ = {
			isa = XCBuildConfiguration;
			buildSettings = {
				ASSETCATALOG_COMPILER_APPICON_NAME = AppIcon;
				CODE_SIGN_STYLE = Automatic;
				DEVELOPMENT_TEAM = PN2DL855CJ;
				INFOPLIST_FILE = "$(SRCROOT)/Places/Resources/Info.plist";
				LD_RUNPATH_SEARCH_PATHS = (
					"$(inherited)",
					"@executable_path/Frameworks",
				);
				PRODUCT_BUNDLE_IDENTIFIER = com.weekend.Places;
				PRODUCT_NAME = "$(TARGET_NAME)";
				SWIFT_VERSION = 5.0;
				TARGETED_DEVICE_FAMILY = "1,2";
			};
			name = Debug;
		};
		FA833615226E2335000EC170 /* Release */ = {
			isa = XCBuildConfiguration;
			buildSettings = {
				ASSETCATALOG_COMPILER_APPICON_NAME = AppIcon;
				CODE_SIGN_STYLE = Automatic;
				DEVELOPMENT_TEAM = PN2DL855CJ;
				INFOPLIST_FILE = "$(SRCROOT)/Places/Resources/Info.plist";
				LD_RUNPATH_SEARCH_PATHS = (
					"$(inherited)",
					"@executable_path/Frameworks",
				);
				PRODUCT_BUNDLE_IDENTIFIER = com.weekend.Places;
				PRODUCT_NAME = "$(TARGET_NAME)";
				SWIFT_VERSION = 5.0;
				TARGETED_DEVICE_FAMILY = "1,2";
			};
			name = Release;
		};
/* End XCBuildConfiguration section */

/* Begin XCConfigurationList section */
		FA8335FC226E2332000EC170 /* Build configuration list for PBXProject "Places" */ = {
			isa = XCConfigurationList;
			buildConfigurations = (
				FA833611226E2335000EC170 /* Debug */,
				FA833612226E2335000EC170 /* Release */,
			);
			defaultConfigurationIsVisible = 0;
			defaultConfigurationName = Release;
		};
		FA833613226E2335000EC170 /* Build configuration list for PBXNativeTarget "Places" */ = {
			isa = XCConfigurationList;
			buildConfigurations = (
				FA833614226E2335000EC170 /* Debug */,
				FA833615226E2335000EC170 /* Release */,
			);
			defaultConfigurationIsVisible = 0;
			defaultConfigurationName = Release;
		};
/* End XCConfigurationList section */
	};
	rootObject = FA8335F9226E2332000EC170 /* Project object */;
}
